
Microsoft Visual Studio Solution File, Format Version 12.00
# Visual Studio Version 16
VisualStudioVersion = 16.0.30804.86
MinimumVisualStudioVersion = 10.0.40219.1
Project("{FAE04EC0-301F-11D3-BF4B-00C04F79EFBC}") = "FoodReciepe", "FirstApiGit\FoodReciepe.csproj", "{FD184A3F-4FEA-4592-AAA5-ADA380FFE0F2}"
EndProject
Global
	GlobalSection(SolutionConfigurationPlatforms) = preSolution
		Debug|Any CPU = Debug|Any CPU
		Release|Any CPU = Release|Any CPU
	EndGlobalSection
	GlobalSection(ProjectConfigurationPlatforms) = postSolution
		{FD184A3F-4FEA-4592-AAA5-ADA380FFE0F2}.Debug|Any CPU.ActiveCfg = Debug|Any CPU
		{FD184A3F-4FEA-4592-AAA5-ADA380FFE0F2}.Debug|Any CPU.Build.0 = Debug|Any CPU
		{FD184A3F-4FEA-4592-AAA5-ADA380FFE0F2}.Release|Any CPU.ActiveCfg = Release|Any CPU
		{FD184A3F-4FEA-4592-AAA5-ADA380FFE0F2}.Release|Any CPU.Build.0 = Release|Any CPU
	EndGlobalSection
	GlobalSection(SolutionProperties) = preSolution
		HideSolutionNode = FALSE
	EndGlobalSection
	GlobalSection(ExtensibilityGlobals) = postSolution
		SolutionGuid = {2233E325-C8DF-47B6-93FA-A9D6931358BB}
	EndGlobalSection
EndGlobal
